
Microsoft Visual Studio Solution File, Format Version 12.00
# Visual Studio Version 17
VisualStudioVersion = 17.2.32630.192
MinimumVisualStudioVersion = 10.0.40219.1
Project("{FAE04EC0-301F-11D3-BF4B-00C04F79EFBC}") = "BusinessMVC", "BusinessMVC\BusinessMVC.csproj", "{A092C993-42E4-42B6-A0FF-99CEE2681A43}"
EndProject
Global
	GlobalSection(SolutionConfigurationPlatforms) = preSolution
		Debug|Any CPU = Debug|Any CPU
		Release|Any CPU = Release|Any CPU
	EndGlobalSection
	GlobalSection(ProjectConfigurationPlatforms) = postSolution
		{A092C993-42E4-42B6-A0FF-99CEE2681A43}.Debug|Any CPU.ActiveCfg = Debug|Any CPU
		{A092C993-42E4-42B6-A0FF-99CEE2681A43}.Debug|Any CPU.Build.0 = Debug|Any CPU
		{A092C993-42E4-42B6-A0FF-99CEE2681A43}.Release|Any CPU.ActiveCfg = Release|Any CPU
		{A092C993-42E4-42B6-A0FF-99CEE2681A43}.Release|Any CPU.Build.0 = Release|Any CPU
	EndGlobalSection
	GlobalSection(SolutionProperties) = preSolution
		HideSolutionNode = FALSE
	EndGlobalSection
	GlobalSection(ExtensibilityGlobals) = postSolution
		SolutionGuid = {496A3356-5B0D-4D62-8931-AEB63ECC7ECD}
	EndGlobalSection
EndGlobal
